
Microsoft Visual Studio Solution File, Format Version 12.00
# Visual Studio Version 17
VisualStudioVersion = 17.3.32929.385
MinimumVisualStudioVersion = 10.0.40219.1
Project("{FAE04EC0-301F-11D3-BF4B-00C04F79EFBC}") = "CookBookApp.UWP", "CookBookApp\CookBookApp.UWP\CookBookApp.UWP.csproj", "{8560593B-4934-4BF7-9133-25623DE71FE5}"
EndProject
Project("{FAE04EC0-301F-11D3-BF4B-00C04F79EFBC}") = "CookBookApp.Android", "CookBookApp\CookBookApp.Android\CookBookApp.Android.csproj", "{7971E1E5-902D-44FE-821A-43E21029D156}"
EndProject
Project("{FAE04EC0-301F-11D3-BF4B-00C04F79EFBC}") = "CookBookApp.iOS", "CookBookApp\CookBookApp.iOS\CookBookApp.iOS.csproj", "{C49682E7-8945-47DF-894A-34B02931B988}"
EndProject
Project("{9A19103F-16F7-4668-BE54-9A1E7A4F7556}") = "CookBookApp", "CookBookApp\CookBookApp\CookBookApp.csproj", "{D6D93D8D-63E0-4776-A1BC-65C5B08591C3}"
EndProject
Project("{FAE04EC0-301F-11D3-BF4B-00C04F79EFBC}") = "CookBookApp.XTest", "CookBookApp.XTest\CookBookApp.XTest.csproj", "{A68FDB59-A7C8-4FC6-8B9B-D2BCDA7B4AB1}"
EndProject
Global
	GlobalSection(SolutionConfigurationPlatforms) = preSolution
		Debug|Any CPU = Debug|Any CPU
		Debug|ARM = Debug|ARM
		Debug|iPhone = Debug|iPhone
		Debug|iPhoneSimulator = Debug|iPhoneSimulator
		Debug|x64 = Debug|x64
		Debug|x86 = Debug|x86
		Release|Any CPU = Release|Any CPU
		Release|ARM = Release|ARM
		Release|iPhone = Release|iPhone
		Release|iPhoneSimulator = Release|iPhoneSimulator
		Release|x64 = Release|x64
		Release|x86 = Release|x86
	EndGlobalSection
	GlobalSection(ProjectConfigurationPlatforms) = postSolution
		{8560593B-4934-4BF7-9133-25623DE71FE5}.Debug|Any CPU.ActiveCfg = Debug|x64
		{8560593B-4934-4BF7-9133-25623DE71FE5}.Debug|Any CPU.Build.0 = Debug|x64
		{8560593B-4934-4BF7-9133-25623DE71FE5}.Debug|Any CPU.Deploy.0 = Debug|x64
		{8560593B-4934-4BF7-9133-25623DE71FE5}.Debug|ARM.ActiveCfg = Debug|ARM
		{8560593B-4934-4BF7-9133-25623DE71FE5}.Debug|ARM.Build.0 = Debug|ARM
		{8560593B-4934-4BF7-9133-25623DE71FE5}.Debug|ARM.Deploy.0 = Debug|ARM
		{8560593B-4934-4BF7-9133-25623DE71FE5}.Debug|iPhone.ActiveCfg = Debug|x64
		{8560593B-4934-4BF7-9133-25623DE71FE5}.Debug|iPhone.Build.0 = Debug|x64
		{8560593B-4934-4BF7-9133-25623DE71FE5}.Debug|iPhone.Deploy.0 = Debug|x64
		{8560593B-4934-4BF7-9133-25623DE71FE5}.Debug|iPhoneSimulator.ActiveCfg = Debug|x64
		{8560593B-4934-4BF7-9133-25623DE71FE5}.Debug|iPhoneSimulator.Build.0 = Debug|x64
		{8560593B-4934-4BF7-9133-25623DE71FE5}.Debug|iPhoneSimulator.Deploy.0 = Debug|x64
		{8560593B-4934-4BF7-9133-25623DE71FE5}.Debug|x64.ActiveCfg = Debug|x64
		{8560593B-4934-4BF7-9133-25623DE71FE5}.Debug|x64.Build.0 = Debug|x64
		{8560593B-4934-4BF7-9133-25623DE71FE5}.Debug|x64.Deploy.0 = Debug|x64
		{8560593B-4934-4BF7-9133-25623DE71FE5}.Debug|x86.ActiveCfg = Debug|x86
		{8560593B-4934-4BF7-9133-25623DE71FE5}.Debug|x86.Build.0 = Debug|x86
		{8560593B-4934-4BF7-9133-25623DE71FE5}.Debug|x86.Deploy.0 = Debug|x86
		{8560593B-4934-4BF7-9133-25623DE71FE5}.Release|Any CPU.ActiveCfg = Release|x64
		{8560593B-4934-4BF7-9133-25623DE71FE5}.Release|Any CPU.Build.0 = Release|x64
		{8560593B-4934-4BF7-9133-25623DE71FE5}.Release|Any CPU.Deploy.0 = Release|x64
		{8560593B-4934-4BF7-9133-25623DE71FE5}.Release|ARM.ActiveCfg = Release|ARM
		{8560593B-4934-4BF7-9133-25623DE71FE5}.Release|ARM.Build.0 = Release|ARM
		{8560593B-4934-4BF7-9133-25623DE71FE5}.Release|ARM.Deploy.0 = Release|ARM
		{8560593B-4934-4BF7-9133-25623DE71FE5}.Release|iPhone.ActiveCfg = Release|x64
		{8560593B-4934-4BF7-9133-25623DE71FE5}.Release|iPhone.Build.0 = Release|x64
		{8560593B-4934-4BF7-9133-25623DE71FE5}.Release|iPhone.Deploy.0 = Release|x64
		{8560593B-4934-4BF7-9133-25623DE71FE5}.Release|iPhoneSimulator.ActiveCfg = Release|x64
		{8560593B-4934-4BF7-9133-25623DE71FE5}.Release|iPhoneSimulator.Build.0 = Release|x64
		{8560593B-4934-4BF7-9133-25623DE71FE5}.Release|iPhoneSimulator.Deploy.0 = Release|x64
		{8560593B-4934-4BF7-9133-25623DE71FE5}.Release|x64.ActiveCfg = Release|x64
		{8560593B-4934-4BF7-9133-25623DE71FE5}.Release|x64.Build.0 = Release|x64
		{8560593B-4934-4BF7-9133-25623DE71FE5}.Release|x64.Deploy.0 = Release|x64
		{8560593B-4934-4BF7-9133-25623DE71FE5}.Release|x86.ActiveCfg = Release|x86
		{8560593B-4934-4BF7-9133-25623DE71FE5}.Release|x86.Build.0 = Release|x86
		{8560593B-4934-4BF7-9133-25623DE71FE5}.Release|x86.Deploy.0 = Release|x86
		{7971E1E5-902D-44FE-821A-43E21029D156}.Debug|Any CPU.ActiveCfg = Debug|Any CPU
		{7971E1E5-902D-44FE-821A-43E21029D156}.Debug|Any CPU.Build.0 = Debug|Any CPU
		{7971E1E5-902D-44FE-821A-43E21029D156}.Debug|Any CPU.Deploy.0 = Debug|Any CPU
		{7971E1E5-902D-44FE-821A-43E21029D156}.Debug|ARM.ActiveCfg = Debug|Any CPU
		{7971E1E5-902D-44FE-821A-43E21029D156}.Debug|ARM.Build.0 = Debug|Any CPU
		{7971E1E5-902D-44FE-821A-43E21029D156}.Debug|ARM.Deploy.0 = Debug|Any CPU
		{7971E1E5-902D-44FE-821A-43E21029D156}.Debug|iPhone.ActiveCfg = Debug|Any CPU
		{7971E1E5-902D-44FE-821A-43E21029D156}.Debug|iPhone.Build.0 = Debug|Any CPU
		{7971E1E5-902D-44FE-821A-43E21029D156}.Debug|iPhone.Deploy.0 = Debug|Any CPU
		{7971E1E5-902D-44FE-821A-43E21029D156}.Debug|iPhoneSimulator.ActiveCfg = Debug|Any CPU
		{7971E1E5-902D-44FE-821A-43E21029D156}.Debug|iPhoneSimulator.Build.0 = Debug|Any CPU
		{7971E1E5-902D-44FE-821A-43E21029D156}.Debug|iPhoneSimulator.Deploy.0 = Debug|Any CPU
		{7971E1E5-902D-44FE-821A-43E21029D156}.Debug|x64.ActiveCfg = Debug|Any CPU
		{7971E1E5-902D-44FE-821A-43E21029D156}.Debug|x64.Build.0 = Debug|Any CPU
		{7971E1E5-902D-44FE-821A-43E21029D156}.Debug|x64.Deploy.0 = Debug|Any CPU
		{7971E1E5-902D-44FE-821A-43E21029D156}.Debug|x86.ActiveCfg = Debug|Any CPU
		{7971E1E5-902D-44FE-821A-43E21029D156}.Debug|x86.Build.0 = Debug|Any CPU
		{7971E1E5-902D-44FE-821A-43E21029D156}.Debug|x86.Deploy.0 = Debug|Any CPU
		{7971E1E5-902D-44FE-821A-43E21029D156}.Release|Any CPU.ActiveCfg = Release|Any CPU
		{7971E1E5-902D-44FE-821A-43E21029D156}.Release|Any CPU.Build.0 = Release|Any CPU
		{7971E1E5-902D-44FE-821A-43E21029D156}.Release|Any CPU.Deploy.0 = Release|Any CPU
		{7971E1E5-902D-44FE-821A-43E21029D156}.Release|ARM.ActiveCfg = Release|Any CPU
		{7971E1E5-902D-44FE-821A-43E21029D156}.Release|ARM.Build.0 = Release|Any CPU
		{7971E1E5-902D-44FE-821A-43E21029D156}.Release|ARM.Deploy.0 = Release|Any CPU
		{7971E1E5-902D-44FE-821A-43E21029D156}.Release|iPhone.ActiveCfg = Release|Any CPU
		{7971E1E5-902D-44FE-821A-43E21029D156}.Release|iPhone.Build.0 = Release|Any CPU
		{7971E1E5-902D-44FE-821A-43E21029D156}.Release|iPhone.Deploy.0 = Release|Any CPU
		{7971E1E5-902D-44FE-821A-43E21029D156}.Release|iPhoneSimulator.ActiveCfg = Release|Any CPU
		{7971E1E5-902D-44FE-821A-43E21029D156}.Release|iPhoneSimulator.Build.0 = Release|Any CPU
		{7971E1E5-902D-44FE-821A-43E21029D156}.Release|iPhoneSimulator.Deploy.0 = Release|Any CPU
		{7971E1E5-902D-44FE-821A-43E21029D156}.Release|x64.ActiveCfg = Release|Any CPU
		{7971E1E5-902D-44FE-821A-43E21029D156}.Release|x64.Build.0 = Release|Any CPU
		{7971E1E5-902D-44FE-821A-43E21029D156}.Release|x64.Deploy.0 = Release|Any CPU
		{7971E1E5-902D-44FE-821A-43E21029D156}.Release|x86.ActiveCfg = Release|Any CPU
		{7971E1E5-902D-44FE-821A-43E21029D156}.Release|x86.Build.0 = Release|Any CPU
		{7971E1E5-902D-44FE-821A-43E21029D156}.Release|x86.Deploy.0 = Release|Any CPU
		{C49682E7-8945-47DF-894A-34B02931B988}.Debug|Any CPU.ActiveCfg = Debug|iPhoneSimulator
		{C49682E7-8945-47DF-894A-34B02931B988}.Debug|Any CPU.Build.0 = Debug|iPhoneSimulator
		{C49682E7-8945-47DF-894A-34B02931B988}.Debug|Any CPU.Deploy.0 = Debug|iPhoneSimulator
		{C49682E7-8945-47DF-894A-34B02931B988}.Debug|ARM.ActiveCfg = Debug|iPhoneSimulator
		{C49682E7-8945-47DF-894A-34B02931B988}.Debug|ARM.Build.0 = Debug|iPhoneSimulator
		{C49682E7-8945-47DF-894A-34B02931B988}.Debug|ARM.Deploy.0 = Debug|iPhoneSimulator
		{C49682E7-8945-47DF-894A-34B02931B988}.Debug|iPhone.ActiveCfg = Debug|iPhone
		{C49682E7-8945-47DF-894A-34B02931B988}.Debug|iPhone.Build.0 = Debug|iPhone
		{C49682E7-8945-47DF-894A-34B02931B988}.Debug|iPhone.Deploy.0 = Debug|iPhone
		{C49682E7-8945-47DF-894A-34B02931B988}.Debug|iPhoneSimulator.ActiveCfg = Debug|iPhoneSimulator
		{C49682E7-8945-47DF-894A-34B02931B988}.Debug|iPhoneSimulator.Build.0 = Debug|iPhoneSimulator
		{C49682E7-8945-47DF-894A-34B02931B988}.Debug|iPhoneSimulator.Deploy.0 = Debug|iPhoneSimulator
		{C49682E7-8945-47DF-894A-34B02931B988}.Debug|x64.ActiveCfg = Debug|iPhone
		{C49682E7-8945-47DF-894A-34B02931B988}.Debug|x64.Build.0 = Debug|iPhone
		{C49682E7-8945-47DF-894A-34B02931B988}.Debug|x64.Deploy.0 = Debug|iPhone
		{C49682E7-8945-47DF-894A-34B02931B988}.Debug|x86.ActiveCfg = Debug|iPhoneSimulator
		{C49682E7-8945-47DF-894A-34B02931B988}.Debug|x86.Build.0 = Debug|iPhoneSimulator
		{C49682E7-8945-47DF-894A-34B02931B988}.Debug|x86.Deploy.0 = Debug|iPhoneSimulator
		{C49682E7-8945-47DF-894A-34B02931B988}.Release|Any CPU.ActiveCfg = Release|iPhoneSimulator
		{C49682E7-8945-47DF-894A-34B02931B988}.Release|Any CPU.Build.0 = Release|iPhoneSimulator
		{C49682E7-8945-47DF-894A-34B02931B988}.Release|Any CPU.Deploy.0 = Release|iPhoneSimulator
		{C49682E7-8945-47DF-894A-34B02931B988}.Release|ARM.ActiveCfg = Release|iPhoneSimulator
		{C49682E7-8945-47DF-894A-34B02931B988}.Release|ARM.Build.0 = Release|iPhoneSimulator
		{C49682E7-8945-47DF-894A-34B02931B988}.Release|ARM.Deploy.0 = Release|iPhoneSimulator
		{C49682E7-8945-47DF-894A-34B02931B988}.Release|iPhone.ActiveCfg = Release|iPhone
		{C49682E7-8945-47DF-894A-34B02931B988}.Release|iPhone.Build.0 = Release|iPhone
		{C49682E7-8945-47DF-894A-34B02931B988}.Release|iPhone.Deploy.0 = Release|iPhone
		{C49682E7-8945-47DF-894A-34B02931B988}.Release|iPhoneSimulator.ActiveCfg = Release|iPhoneSimulator
		{C49682E7-8945-47DF-894A-34B02931B988}.Release|iPhoneSimulator.Build.0 = Release|iPhoneSimulator
		{C49682E7-8945-47DF-894A-34B02931B988}.Release|iPhoneSimulator.Deploy.0 = Release|iPhoneSimulator
		{C49682E7-8945-47DF-894A-34B02931B988}.Release|x64.ActiveCfg = Release|iPhoneSimulator
		{C49682E7-8945-47DF-894A-34B02931B988}.Release|x64.Build.0 = Release|iPhoneSimulator
		{C49682E7-8945-47DF-894A-34B02931B988}.Release|x64.Deploy.0 = Release|iPhoneSimulator
		{C49682E7-8945-47DF-894A-34B02931B988}.Release|x86.ActiveCfg = Release|iPhoneSimulator
		{C49682E7-8945-47DF-894A-34B02931B988}.Release|x86.Build.0 = Release|iPhoneSimulator
		{C49682E7-8945-47DF-894A-34B02931B988}.Release|x86.Deploy.0 = Release|iPhoneSimulator
		{D6D93D8D-63E0-4776-A1BC-65C5B08591C3}.Debug|Any CPU.ActiveCfg = Debug|Any CPU
		{D6D93D8D-63E0-4776-A1BC-65C5B08591C3}.Debug|Any CPU.Build.0 = Debug|Any CPU
		{D6D93D8D-63E0-4776-A1BC-65C5B08591C3}.Debug|Any CPU.Deploy.0 = Debug|Any CPU
		{D6D93D8D-63E0-4776-A1BC-65C5B08591C3}.Debug|ARM.ActiveCfg = Debug|Any CPU
		{D6D93D8D-63E0-4776-A1BC-65C5B08591C3}.Debug|ARM.Build.0 = Debug|Any CPU
		{D6D93D8D-63E0-4776-A1BC-65C5B08591C3}.Debug|ARM.Deploy.0 = Debug|Any CPU
		{D6D93D8D-63E0-4776-A1BC-65C5B08591C3}.Debug|iPhone.ActiveCfg = Debug|Any CPU
		{D6D93D8D-63E0-4776-A1BC-65C5B08591C3}.Debug|iPhone.Build.0 = Debug|Any CPU
		{D6D93D8D-63E0-4776-A1BC-65C5B08591C3}.Debug|iPhone.Deploy.0 = Debug|Any CPU
		{D6D93D8D-63E0-4776-A1BC-65C5B08591C3}.Debug|iPhoneSimulator.ActiveCfg = Debug|Any CPU
		{D6D93D8D-63E0-4776-A1BC-65C5B08591C3}.Debug|iPhoneSimulator.Build.0 = Debug|Any CPU
		{D6D93D8D-63E0-4776-A1BC-65C5B08591C3}.Debug|iPhoneSimulator.Deploy.0 = Debug|Any CPU
		{D6D93D8D-63E0-4776-A1BC-65C5B08591C3}.Debug|x64.ActiveCfg = Debug|Any CPU
		{D6D93D8D-63E0-4776-A1BC-65C5B08591C3}.Debug|x64.Build.0 = Debug|Any CPU
		{D6D93D8D-63E0-4776-A1BC-65C5B08591C3}.Debug|x64.Deploy.0 = Debug|Any CPU
		{D6D93D8D-63E0-4776-A1BC-65C5B08591C3}.Debug|x86.ActiveCfg = Debug|Any CPU
		{D6D93D8D-63E0-4776-A1BC-65C5B08591C3}.Debug|x86.Build.0 = Debug|Any CPU
		{D6D93D8D-63E0-4776-A1BC-65C5B08591C3}.Debug|x86.Deploy.0 = Debug|Any CPU
		{D6D93D8D-63E0-4776-A1BC-65C5B08591C3}.Release|Any CPU.ActiveCfg = Release|Any CPU
		{D6D93D8D-63E0-4776-A1BC-65C5B08591C3}.Release|Any CPU.Build.0 = Release|Any CPU
		{D6D93D8D-63E0-4776-A1BC-65C5B08591C3}.Release|Any CPU.Deploy.0 = Release|Any CPU
		{D6D93D8D-63E0-4776-A1BC-65C5B08591C3}.Release|ARM.ActiveCfg = Release|Any CPU
		{D6D93D8D-63E0-4776-A1BC-65C5B08591C3}.Release|ARM.Build.0 = Release|Any CPU
		{D6D93D8D-63E0-4776-A1BC-65C5B08591C3}.Release|ARM.Deploy.0 = Release|Any CPU
		{D6D93D8D-63E0-4776-A1BC-65C5B08591C3}.Release|iPhone.ActiveCfg = Release|Any CPU
		{D6D93D8D-63E0-4776-A1BC-65C5B08591C3}.Release|iPhone.Build.0 = Release|Any CPU
		{D6D93D8D-63E0-4776-A1BC-65C5B08591C3}.Release|iPhone.Deploy.0 = Release|Any CPU
		{D6D93D8D-63E0-4776-A1BC-65C5B08591C3}.Release|iPhoneSimulator.ActiveCfg = Release|Any CPU
		{D6D93D8D-63E0-4776-A1BC-65C5B08591C3}.Release|iPhoneSimulator.Build.0 = Release|Any CPU
		{D6D93D8D-63E0-4776-A1BC-65C5B08591C3}.Release|iPhoneSimulator.Deploy.0 = Release|Any CPU
		{D6D93D8D-63E0-4776-A1BC-65C5B08591C3}.Release|x64.ActiveCfg = Release|Any CPU
		{D6D93D8D-63E0-4776-A1BC-65C5B08591C3}.Release|x64.Build.0 = Release|Any CPU
		{D6D93D8D-63E0-4776-A1BC-65C5B08591C3}.Release|x64.Deploy.0 = Release|Any CPU
		{D6D93D8D-63E0-4776-A1BC-65C5B08591C3}.Release|x86.ActiveCfg = Release|Any CPU
		{D6D93D8D-63E0-4776-A1BC-65C5B08591C3}.Release|x86.Build.0 = Release|Any CPU
		{D6D93D8D-63E0-4776-A1BC-65C5B08591C3}.Release|x86.Deploy.0 = Release|Any CPU
		{A68FDB59-A7C8-4FC6-8B9B-D2BCDA7B4AB1}.Debug|Any CPU.ActiveCfg = Debug|Any CPU
		{A68FDB59-A7C8-4FC6-8B9B-D2BCDA7B4AB1}.Debug|Any CPU.Build.0 = Debug|Any CPU
		{A68FDB59-A7C8-4FC6-8B9B-D2BCDA7B4AB1}.Debug|ARM.ActiveCfg = Debug|Any CPU
		{A68FDB59-A7C8-4FC6-8B9B-D2BCDA7B4AB1}.Debug|ARM.Build.0 = Debug|Any CPU
		{A68FDB59-A7C8-4FC6-8B9B-D2BCDA7B4AB1}.Debug|iPhone.ActiveCfg = Debug|Any CPU
		{A68FDB59-A7C8-4FC6-8B9B-D2BCDA7B4AB1}.Debug|iPhone.Build.0 = Debug|Any CPU
		{A68FDB59-A7C8-4FC6-8B9B-D2BCDA7B4AB1}.Debug|iPhoneSimulator.ActiveCfg = Debug|Any CPU
		{A68FDB59-A7C8-4FC6-8B9B-D2BCDA7B4AB1}.Debug|iPhoneSimulator.Build.0 = Debug|Any CPU
		{A68FDB59-A7C8-4FC6-8B9B-D2BCDA7B4AB1}.Debug|x64.ActiveCfg = Debug|Any CPU
		{A68FDB59-A7C8-4FC6-8B9B-D2BCDA7B4AB1}.Debug|x64.Build.0 = Debug|Any CPU
		{A68FDB59-A7C8-4FC6-8B9B-D2BCDA7B4AB1}.Debug|x86.ActiveCfg = Debug|Any CPU
		{A68FDB59-A7C8-4FC6-8B9B-D2BCDA7B4AB1}.Debug|x86.Build.0 = Debug|Any CPU
		{A68FDB59-A7C8-4FC6-8B9B-D2BCDA7B4AB1}.Release|Any CPU.ActiveCfg = Release|Any CPU
		{A68FDB59-A7C8-4FC6-8B9B-D2BCDA7B4AB1}.Release|Any CPU.Build.0 = Release|Any CPU
		{A68FDB59-A7C8-4FC6-8B9B-D2BCDA7B4AB1}.Release|ARM.ActiveCfg = Release|Any CPU
		{A68FDB59-A7C8-4FC6-8B9B-D2BCDA7B4AB1}.Release|ARM.Build.0 = Release|Any CPU
		{A68FDB59-A7C8-4FC6-8B9B-D2BCDA7B4AB1}.Release|iPhone.ActiveCfg = Release|Any CPU
		{A68FDB59-A7C8-4FC6-8B9B-D2BCDA7B4AB1}.Release|iPhone.Build.0 = Release|Any CPU
		{A68FDB59-A7C8-4FC6-8B9B-D2BCDA7B4AB1}.Release|iPhoneSimulator.ActiveCfg = Release|Any CPU
		{A68FDB59-A7C8-4FC6-8B9B-D2BCDA7B4AB1}.Release|iPhoneSimulator.Build.0 = Release|Any CPU
		{A68FDB59-A7C8-4FC6-8B9B-D2BCDA7B4AB1}.Release|x64.ActiveCfg = Release|Any CPU
		{A68FDB59-A7C8-4FC6-8B9B-D2BCDA7B4AB1}.Release|x64.Build.0 = Release|Any CPU
		{A68FDB59-A7C8-4FC6-8B9B-D2BCDA7B4AB1}.Release|x86.ActiveCfg = Release|Any CPU
		{A68FDB59-A7C8-4FC6-8B9B-D2BCDA7B4AB1}.Release|x86.Build.0 = Release|Any CPU
	EndGlobalSection
	GlobalSection(SolutionProperties) = preSolution
		HideSolutionNode = FALSE
	EndGlobalSection
	GlobalSection(ExtensibilityGlobals) = postSolution
		SolutionGuid = {751EA073-0D5A-459C-9D18-92B3F1D89FF8}
	EndGlobalSection
EndGlobal
